
Microsoft Visual Studio Solution File, Format Version 12.00
# Visual Studio Version 16
VisualStudioVersion = 16.0.31702.278
MinimumVisualStudioVersion = 10.0.40219.1
Project("{9A19103F-16F7-4668-BE54-9A1E7A4F7556}") = "010.Irony", "src\Irony\Irony\010.Irony.csproj", "{75DFC090-56B5-42D4-803D-FDFDB422F6CD}"
EndProject
Project("{9A19103F-16F7-4668-BE54-9A1E7A4F7556}") = "015.Irony.Interpreter", "src\Irony\Irony.Interpreter\015.Irony.Interpreter.csproj", "{587E8259-1950-46D3-927B-84F20B15EDA0}"
EndProject
Project("{FAE04EC0-301F-11D3-BF4B-00C04F79EFBC}") = "030.Irony.GrammarExplorer", "src\Irony\Irony.GrammarExplorer\030.Irony.GrammarExplorer.csproj", "{AE1C04A8-B03D-4144-98E9-BF66C50265E7}"
EndProject
Project("{FAE04EC0-301F-11D3-BF4B-00C04F79EFBC}") = "035.Irony.WinForms", "src\Irony\Irony.WinForms\035.Irony.WinForms.csproj", "{70D319F3-3C0C-4EB5-A271-58ED22FB3070}"
EndProject
Project("{2150E333-8FDC-42A3-9474-1A3956D46DE8}") = "Irony", "Irony", "{FC58DE9E-4A35-4356-9FE1-4C9CE0A1F9FB}"
EndProject
Project("{9A19103F-16F7-4668-BE54-9A1E7A4F7556}") = "020.Irony.Samples", "src\Irony\Irony.Samples\020.Irony.Samples.csproj", "{D49DF785-DC8B-43FF-92A3-1E8A07C74A58}"
EndProject
Project("{2150E333-8FDC-42A3-9474-1A3956D46DE8}") = "Markdown", "Markdown", "{0C511E5F-4E71-4956-A4F5-A59CA45B6F65}"
EndProject
Project("{9A19103F-16F7-4668-BE54-9A1E7A4F7556}") = "Markdown.Grammar", "src\Markdown.Grammar\Markdown.Grammar.csproj", "{B0561E05-3091-4C5D-B6DD-C1F31112D244}"
EndProject
Project("{2150E333-8FDC-42A3-9474-1A3956D46DE8}") = "src", "src", "{CC353BFC-26CB-4C50-8C08-0E00D4B7859A}"
EndProject
Project("{2150E333-8FDC-42A3-9474-1A3956D46DE8}") = "test", "test", "{CDD3C3E4-6376-4949-A26C-047EC4073351}"
EndProject
Project("{9A19103F-16F7-4668-BE54-9A1E7A4F7556}") = "Markdown.Grammar.Test", "test\Markdown.Grammar.Test\Markdown.Grammar.Test.csproj", "{49571447-BF26-40D1-B3C7-664CF11BBEB2}"
EndProject
Project("{9A19103F-16F7-4668-BE54-9A1E7A4F7556}") = "Markdown.Blazor", "src\Markdown.Blazor\Markdown.Blazor.csproj", "{1B2EF66E-525E-4EEC-9FE0-D2CD1FF9DD23}"
EndProject
Global
	GlobalSection(SolutionConfigurationPlatforms) = preSolution
		Debug|Any CPU = Debug|Any CPU
		Release|Any CPU = Release|Any CPU
	EndGlobalSection
	GlobalSection(ProjectConfigurationPlatforms) = postSolution
		{75DFC090-56B5-42D4-803D-FDFDB422F6CD}.Debug|Any CPU.ActiveCfg = Debug|Any CPU
		{75DFC090-56B5-42D4-803D-FDFDB422F6CD}.Debug|Any CPU.Build.0 = Debug|Any CPU
		{75DFC090-56B5-42D4-803D-FDFDB422F6CD}.Release|Any CPU.ActiveCfg = Release|Any CPU
		{75DFC090-56B5-42D4-803D-FDFDB422F6CD}.Release|Any CPU.Build.0 = Release|Any CPU
		{587E8259-1950-46D3-927B-84F20B15EDA0}.Debug|Any CPU.ActiveCfg = Debug|Any CPU
		{587E8259-1950-46D3-927B-84F20B15EDA0}.Debug|Any CPU.Build.0 = Debug|Any CPU
		{587E8259-1950-46D3-927B-84F20B15EDA0}.Release|Any CPU.ActiveCfg = Release|Any CPU
		{587E8259-1950-46D3-927B-84F20B15EDA0}.Release|Any CPU.Build.0 = Release|Any CPU
		{AE1C04A8-B03D-4144-98E9-BF66C50265E7}.Debug|Any CPU.ActiveCfg = Debug|Any CPU
		{AE1C04A8-B03D-4144-98E9-BF66C50265E7}.Debug|Any CPU.Build.0 = Debug|Any CPU
		{AE1C04A8-B03D-4144-98E9-BF66C50265E7}.Release|Any CPU.ActiveCfg = Release|Any CPU
		{AE1C04A8-B03D-4144-98E9-BF66C50265E7}.Release|Any CPU.Build.0 = Release|Any CPU
		{70D319F3-3C0C-4EB5-A271-58ED22FB3070}.Debug|Any CPU.ActiveCfg = Debug|Any CPU
		{70D319F3-3C0C-4EB5-A271-58ED22FB3070}.Debug|Any CPU.Build.0 = Debug|Any CPU
		{70D319F3-3C0C-4EB5-A271-58ED22FB3070}.Release|Any CPU.ActiveCfg = Release|Any CPU
		{70D319F3-3C0C-4EB5-A271-58ED22FB3070}.Release|Any CPU.Build.0 = Release|Any CPU
		{D49DF785-DC8B-43FF-92A3-1E8A07C74A58}.Debug|Any CPU.ActiveCfg = Debug|Any CPU
		{D49DF785-DC8B-43FF-92A3-1E8A07C74A58}.Debug|Any CPU.Build.0 = Debug|Any CPU
		{D49DF785-DC8B-43FF-92A3-1E8A07C74A58}.Release|Any CPU.ActiveCfg = Release|Any CPU
		{D49DF785-DC8B-43FF-92A3-1E8A07C74A58}.Release|Any CPU.Build.0 = Release|Any CPU
		{B0561E05-3091-4C5D-B6DD-C1F31112D244}.Debug|Any CPU.ActiveCfg = Debug|Any CPU
		{B0561E05-3091-4C5D-B6DD-C1F31112D244}.Debug|Any CPU.Build.0 = Debug|Any CPU
		{B0561E05-3091-4C5D-B6DD-C1F31112D244}.Release|Any CPU.ActiveCfg = Release|Any CPU
		{B0561E05-3091-4C5D-B6DD-C1F31112D244}.Release|Any CPU.Build.0 = Release|Any CPU
		{49571447-BF26-40D1-B3C7-664CF11BBEB2}.Debug|Any CPU.ActiveCfg = Debug|Any CPU
		{49571447-BF26-40D1-B3C7-664CF11BBEB2}.Debug|Any CPU.Build.0 = Debug|Any CPU
		{49571447-BF26-40D1-B3C7-664CF11BBEB2}.Release|Any CPU.ActiveCfg = Release|Any CPU
		{49571447-BF26-40D1-B3C7-664CF11BBEB2}.Release|Any CPU.Build.0 = Release|Any CPU
		{1B2EF66E-525E-4EEC-9FE0-D2CD1FF9DD23}.Debug|Any CPU.ActiveCfg = Debug|Any CPU
		{1B2EF66E-525E-4EEC-9FE0-D2CD1FF9DD23}.Debug|Any CPU.Build.0 = Debug|Any CPU
		{1B2EF66E-525E-4EEC-9FE0-D2CD1FF9DD23}.Release|Any CPU.ActiveCfg = Release|Any CPU
		{1B2EF66E-525E-4EEC-9FE0-D2CD1FF9DD23}.Release|Any CPU.Build.0 = Release|Any CPU
	EndGlobalSection
	GlobalSection(SolutionProperties) = preSolution
		HideSolutionNode = FALSE
	EndGlobalSection
	GlobalSection(NestedProjects) = preSolution
		{75DFC090-56B5-42D4-803D-FDFDB422F6CD} = {FC58DE9E-4A35-4356-9FE1-4C9CE0A1F9FB}
		{587E8259-1950-46D3-927B-84F20B15EDA0} = {FC58DE9E-4A35-4356-9FE1-4C9CE0A1F9FB}
		{AE1C04A8-B03D-4144-98E9-BF66C50265E7} = {FC58DE9E-4A35-4356-9FE1-4C9CE0A1F9FB}
		{70D319F3-3C0C-4EB5-A271-58ED22FB3070} = {FC58DE9E-4A35-4356-9FE1-4C9CE0A1F9FB}
		{FC58DE9E-4A35-4356-9FE1-4C9CE0A1F9FB} = {CC353BFC-26CB-4C50-8C08-0E00D4B7859A}
		{D49DF785-DC8B-43FF-92A3-1E8A07C74A58} = {FC58DE9E-4A35-4356-9FE1-4C9CE0A1F9FB}
		{0C511E5F-4E71-4956-A4F5-A59CA45B6F65} = {CC353BFC-26CB-4C50-8C08-0E00D4B7859A}
		{B0561E05-3091-4C5D-B6DD-C1F31112D244} = {0C511E5F-4E71-4956-A4F5-A59CA45B6F65}
		{49571447-BF26-40D1-B3C7-664CF11BBEB2} = {CDD3C3E4-6376-4949-A26C-047EC4073351}
		{1B2EF66E-525E-4EEC-9FE0-D2CD1FF9DD23} = {0C511E5F-4E71-4956-A4F5-A59CA45B6F65}
	EndGlobalSection
	GlobalSection(ExtensibilityGlobals) = postSolution
		SolutionGuid = {F79D890E-E009-4B4A-8043-466D3DB78F91}
	EndGlobalSection
EndGlobal
